
Microsoft Visual Studio Solution File, Format Version 12.00
# Visual Studio Version 16
VisualStudioVersion = 16.0.30503.244
MinimumVisualStudioVersion = 10.0.40219.1
Project("{FAE04EC0-301F-11D3-BF4B-00C04F79EFBC}") = "BudgetWebApp19010155", "BudgetWebApp19010155.csproj", "{827AB5AD-E11D-4642-830C-61DCE1FE851E}"
EndProject
Global
	GlobalSection(SolutionConfigurationPlatforms) = preSolution
		Debug|Any CPU = Debug|Any CPU
		Release|Any CPU = Release|Any CPU
	EndGlobalSection
	GlobalSection(ProjectConfigurationPlatforms) = postSolution
		{827AB5AD-E11D-4642-830C-61DCE1FE851E}.Debug|Any CPU.ActiveCfg = Debug|Any CPU
		{827AB5AD-E11D-4642-830C-61DCE1FE851E}.Debug|Any CPU.Build.0 = Debug|Any CPU
		{827AB5AD-E11D-4642-830C-61DCE1FE851E}.Release|Any CPU.ActiveCfg = Release|Any CPU
		{827AB5AD-E11D-4642-830C-61DCE1FE851E}.Release|Any CPU.Build.0 = Release|Any CPU
	EndGlobalSection
	GlobalSection(SolutionProperties) = preSolution
		HideSolutionNode = FALSE
	EndGlobalSection
	GlobalSection(ExtensibilityGlobals) = postSolution
		SolutionGuid = {6093CD1F-2C51-41D0-BDDA-0F011EC99CB2}
	EndGlobalSection
EndGlobal
